
Microsoft Visual Studio Solution File, Format Version 12.00
# Visual Studio 15
VisualStudioVersion = 15.0.26124.0
MinimumVisualStudioVersion = 15.0.26124.0
Project("{FAE04EC0-301F-11D3-BF4B-00C04F79EFBC}") = "Domain.Design.Foundations", "Domain.Design.Foundations\Domain.Design.Foundations.csproj", "{EA6CE2D3-DEF2-4903-95C8-707164420BDD}"
EndProject
Project("{FAE04EC0-301F-11D3-BF4B-00C04F79EFBC}") = "Tests.Foundations", "Tests.Foundations\Tests.Foundations.csproj", "{1F8075BA-8C48-4164-A4D5-C7425004D6B8}"
EndProject
Project("{2150E333-8FDC-42A3-9474-1A3956D46DE8}") = "Testing", "Testing", "{EDEDEC0A-1638-4AFA-8EFD-3AEF9E1CBEFC}"
EndProject
Project("{FAE04EC0-301F-11D3-BF4B-00C04F79EFBC}") = "Domain.Design.Foundations.Testing.Email", "Testing\Infrastructure\Domain.Design.Foundations.Testing.Email\Domain.Design.Foundations.Testing.Email.csproj", "{86B3118E-F697-48F7-85B6-CA443BDCB301}"
EndProject
Project("{2150E333-8FDC-42A3-9474-1A3956D46DE8}") = "Infrastructure", "Infrastructure", "{B0BB3672-E951-430B-B387-292EE73D2489}"
EndProject
Project("{2150E333-8FDC-42A3-9474-1A3956D46DE8}") = "tests", "tests", "{F32DF146-B67D-4059-9819-FD3250D31EE6}"
EndProject
Project("{2150E333-8FDC-42A3-9474-1A3956D46DE8}") = "src", "src", "{14DE3BD6-BC60-4642-B134-C39B8017BB60}"
EndProject
Project("{FAE04EC0-301F-11D3-BF4B-00C04F79EFBC}") = "Domain.Design.Foundations.Extensions.DependencyInjection", "Domain.Design.Foundations.Extensions.DependencyInjection\Domain.Design.Foundations.Extensions.DependencyInjection.csproj", "{1D0D37A6-CCE3-4B78-9A2B-B5D6941F72BC}"
EndProject
Project("{FAE04EC0-301F-11D3-BF4B-00C04F79EFBC}") = "Domain.Design.Foundations.Extensions.DependencyInjection.MediatR", "Domain.Design.Foundations.Extensions.DependencyInjection.MediatR\Domain.Design.Foundations.Extensions.DependencyInjection.MediatR.csproj", "{F4E48567-7484-4805-B9FC-5436F5C7C521}"
EndProject
Global
	GlobalSection(SolutionProperties) = preSolution
		HideSolutionNode = FALSE
	EndGlobalSection
	GlobalSection(SolutionConfigurationPlatforms) = preSolution
		Debug|Any CPU = Debug|Any CPU
		Debug|x64 = Debug|x64
		Debug|x86 = Debug|x86
		Release|Any CPU = Release|Any CPU
		Release|x64 = Release|x64
		Release|x86 = Release|x86
	EndGlobalSection
	GlobalSection(ProjectConfigurationPlatforms) = postSolution
		{EA6CE2D3-DEF2-4903-95C8-707164420BDD}.Debug|Any CPU.ActiveCfg = Debug|Any CPU
		{EA6CE2D3-DEF2-4903-95C8-707164420BDD}.Debug|Any CPU.Build.0 = Debug|Any CPU
		{EA6CE2D3-DEF2-4903-95C8-707164420BDD}.Debug|x64.ActiveCfg = Debug|Any CPU
		{EA6CE2D3-DEF2-4903-95C8-707164420BDD}.Debug|x64.Build.0 = Debug|Any CPU
		{EA6CE2D3-DEF2-4903-95C8-707164420BDD}.Debug|x86.ActiveCfg = Debug|Any CPU
		{EA6CE2D3-DEF2-4903-95C8-707164420BDD}.Debug|x86.Build.0 = Debug|Any CPU
		{EA6CE2D3-DEF2-4903-95C8-707164420BDD}.Release|Any CPU.ActiveCfg = Release|Any CPU
		{EA6CE2D3-DEF2-4903-95C8-707164420BDD}.Release|Any CPU.Build.0 = Release|Any CPU
		{EA6CE2D3-DEF2-4903-95C8-707164420BDD}.Release|x64.ActiveCfg = Release|Any CPU
		{EA6CE2D3-DEF2-4903-95C8-707164420BDD}.Release|x64.Build.0 = Release|Any CPU
		{EA6CE2D3-DEF2-4903-95C8-707164420BDD}.Release|x86.ActiveCfg = Release|Any CPU
		{EA6CE2D3-DEF2-4903-95C8-707164420BDD}.Release|x86.Build.0 = Release|Any CPU
		{1F8075BA-8C48-4164-A4D5-C7425004D6B8}.Debug|Any CPU.ActiveCfg = Debug|Any CPU
		{1F8075BA-8C48-4164-A4D5-C7425004D6B8}.Debug|Any CPU.Build.0 = Debug|Any CPU
		{1F8075BA-8C48-4164-A4D5-C7425004D6B8}.Debug|x64.ActiveCfg = Debug|Any CPU
		{1F8075BA-8C48-4164-A4D5-C7425004D6B8}.Debug|x64.Build.0 = Debug|Any CPU
		{1F8075BA-8C48-4164-A4D5-C7425004D6B8}.Debug|x86.ActiveCfg = Debug|Any CPU
		{1F8075BA-8C48-4164-A4D5-C7425004D6B8}.Debug|x86.Build.0 = Debug|Any CPU
		{1F8075BA-8C48-4164-A4D5-C7425004D6B8}.Release|Any CPU.ActiveCfg = Release|Any CPU
		{1F8075BA-8C48-4164-A4D5-C7425004D6B8}.Release|Any CPU.Build.0 = Release|Any CPU
		{1F8075BA-8C48-4164-A4D5-C7425004D6B8}.Release|x64.ActiveCfg = Release|Any CPU
		{1F8075BA-8C48-4164-A4D5-C7425004D6B8}.Release|x64.Build.0 = Release|Any CPU
		{1F8075BA-8C48-4164-A4D5-C7425004D6B8}.Release|x86.ActiveCfg = Release|Any CPU
		{1F8075BA-8C48-4164-A4D5-C7425004D6B8}.Release|x86.Build.0 = Release|Any CPU
		{86B3118E-F697-48F7-85B6-CA443BDCB301}.Debug|Any CPU.ActiveCfg = Debug|Any CPU
		{86B3118E-F697-48F7-85B6-CA443BDCB301}.Debug|Any CPU.Build.0 = Debug|Any CPU
		{86B3118E-F697-48F7-85B6-CA443BDCB301}.Debug|x64.ActiveCfg = Debug|Any CPU
		{86B3118E-F697-48F7-85B6-CA443BDCB301}.Debug|x64.Build.0 = Debug|Any CPU
		{86B3118E-F697-48F7-85B6-CA443BDCB301}.Debug|x86.ActiveCfg = Debug|Any CPU
		{86B3118E-F697-48F7-85B6-CA443BDCB301}.Debug|x86.Build.0 = Debug|Any CPU
		{86B3118E-F697-48F7-85B6-CA443BDCB301}.Release|Any CPU.ActiveCfg = Release|Any CPU
		{86B3118E-F697-48F7-85B6-CA443BDCB301}.Release|Any CPU.Build.0 = Release|Any CPU
		{86B3118E-F697-48F7-85B6-CA443BDCB301}.Release|x64.ActiveCfg = Release|Any CPU
		{86B3118E-F697-48F7-85B6-CA443BDCB301}.Release|x64.Build.0 = Release|Any CPU
		{86B3118E-F697-48F7-85B6-CA443BDCB301}.Release|x86.ActiveCfg = Release|Any CPU
		{86B3118E-F697-48F7-85B6-CA443BDCB301}.Release|x86.Build.0 = Release|Any CPU
		{1D0D37A6-CCE3-4B78-9A2B-B5D6941F72BC}.Debug|Any CPU.ActiveCfg = Debug|Any CPU
		{1D0D37A6-CCE3-4B78-9A2B-B5D6941F72BC}.Debug|Any CPU.Build.0 = Debug|Any CPU
		{1D0D37A6-CCE3-4B78-9A2B-B5D6941F72BC}.Debug|x64.ActiveCfg = Debug|Any CPU
		{1D0D37A6-CCE3-4B78-9A2B-B5D6941F72BC}.Debug|x64.Build.0 = Debug|Any CPU
		{1D0D37A6-CCE3-4B78-9A2B-B5D6941F72BC}.Debug|x86.ActiveCfg = Debug|Any CPU
		{1D0D37A6-CCE3-4B78-9A2B-B5D6941F72BC}.Debug|x86.Build.0 = Debug|Any CPU
		{1D0D37A6-CCE3-4B78-9A2B-B5D6941F72BC}.Release|Any CPU.ActiveCfg = Release|Any CPU
		{1D0D37A6-CCE3-4B78-9A2B-B5D6941F72BC}.Release|Any CPU.Build.0 = Release|Any CPU
		{1D0D37A6-CCE3-4B78-9A2B-B5D6941F72BC}.Release|x64.ActiveCfg = Release|Any CPU
		{1D0D37A6-CCE3-4B78-9A2B-B5D6941F72BC}.Release|x64.Build.0 = Release|Any CPU
		{1D0D37A6-CCE3-4B78-9A2B-B5D6941F72BC}.Release|x86.ActiveCfg = Release|Any CPU
		{1D0D37A6-CCE3-4B78-9A2B-B5D6941F72BC}.Release|x86.Build.0 = Release|Any CPU
		{F4E48567-7484-4805-B9FC-5436F5C7C521}.Debug|Any CPU.ActiveCfg = Debug|Any CPU
		{F4E48567-7484-4805-B9FC-5436F5C7C521}.Debug|Any CPU.Build.0 = Debug|Any CPU
		{F4E48567-7484-4805-B9FC-5436F5C7C521}.Debug|x64.ActiveCfg = Debug|Any CPU
		{F4E48567-7484-4805-B9FC-5436F5C7C521}.Debug|x64.Build.0 = Debug|Any CPU
		{F4E48567-7484-4805-B9FC-5436F5C7C521}.Debug|x86.ActiveCfg = Debug|Any CPU
		{F4E48567-7484-4805-B9FC-5436F5C7C521}.Debug|x86.Build.0 = Debug|Any CPU
		{F4E48567-7484-4805-B9FC-5436F5C7C521}.Release|Any CPU.ActiveCfg = Release|Any CPU
		{F4E48567-7484-4805-B9FC-5436F5C7C521}.Release|Any CPU.Build.0 = Release|Any CPU
		{F4E48567-7484-4805-B9FC-5436F5C7C521}.Release|x64.ActiveCfg = Release|Any CPU
		{F4E48567-7484-4805-B9FC-5436F5C7C521}.Release|x64.Build.0 = Release|Any CPU
		{F4E48567-7484-4805-B9FC-5436F5C7C521}.Release|x86.ActiveCfg = Release|Any CPU
		{F4E48567-7484-4805-B9FC-5436F5C7C521}.Release|x86.Build.0 = Release|Any CPU
	EndGlobalSection
	GlobalSection(NestedProjects) = preSolution
		{B0BB3672-E951-430B-B387-292EE73D2489} = {EDEDEC0A-1638-4AFA-8EFD-3AEF9E1CBEFC}
		{86B3118E-F697-48F7-85B6-CA443BDCB301} = {B0BB3672-E951-430B-B387-292EE73D2489}
		{1F8075BA-8C48-4164-A4D5-C7425004D6B8} = {F32DF146-B67D-4059-9819-FD3250D31EE6}
		{EDEDEC0A-1638-4AFA-8EFD-3AEF9E1CBEFC} = {14DE3BD6-BC60-4642-B134-C39B8017BB60}
		{EA6CE2D3-DEF2-4903-95C8-707164420BDD} = {14DE3BD6-BC60-4642-B134-C39B8017BB60}
		{1D0D37A6-CCE3-4B78-9A2B-B5D6941F72BC} = {14DE3BD6-BC60-4642-B134-C39B8017BB60}
		{F4E48567-7484-4805-B9FC-5436F5C7C521} = {14DE3BD6-BC60-4642-B134-C39B8017BB60}
	EndGlobalSection
EndGlobal
